
Microsoft Visual Studio Solution File, Format Version 12.00
# Visual Studio Version 17
VisualStudioVersion = 17.0.31912.275
MinimumVisualStudioVersion = 10.0.40219.1
Project("{FAE04EC0-301F-11D3-BF4B-00C04F79EFBC}") = "curso.api", "curso.api\curso.api.csproj", "{6C96623A-F4DB-43AD-9689-EBE43B465D47}"
EndProject
Global
	GlobalSection(SolutionConfigurationPlatforms) = preSolution
		Debug|Any CPU = Debug|Any CPU
		Release|Any CPU = Release|Any CPU
	EndGlobalSection
	GlobalSection(ProjectConfigurationPlatforms) = postSolution
		{6C96623A-F4DB-43AD-9689-EBE43B465D47}.Debug|Any CPU.ActiveCfg = Debug|Any CPU
		{6C96623A-F4DB-43AD-9689-EBE43B465D47}.Debug|Any CPU.Build.0 = Debug|Any CPU
		{6C96623A-F4DB-43AD-9689-EBE43B465D47}.Release|Any CPU.ActiveCfg = Release|Any CPU
		{6C96623A-F4DB-43AD-9689-EBE43B465D47}.Release|Any CPU.Build.0 = Release|Any CPU
	EndGlobalSection
	GlobalSection(SolutionProperties) = preSolution
		HideSolutionNode = FALSE
	EndGlobalSection
	GlobalSection(ExtensibilityGlobals) = postSolution
		SolutionGuid = {F6D994C0-8B14-4C2F-B0BF-C0514D102EBB}
	EndGlobalSection
EndGlobal
